lockfileVersion: 5.4

specifiers:
  '@picocss/pico': ^1.5.7
  '@types/node': ^18.14.0
  prettier: ^2.8.4

dependencies:
  '@picocss/pico': 1.5.7

devDependencies:
  '@types/node': 18.14.0
  prettier: 2.8.4

packages:

  /@picocss/pico/1.5.7:
    resolution: {integrity: sha512-RygdXNlSXieAs9jMw/AeqA1ki1kldgEYbRn8BnYZIPfRTM5NWZ4uVzMK6uMPhYlRjoT5wD/OplZvIefnCqyDCQ==}
    dev: false

  /@types/node/18.14.0:
    resolution: {integrity: sha512-5EWrvLmglK+imbCJY0+INViFWUHg1AHel1sq4ZVSfdcNqGy9Edv3UB9IIzzg+xPaUcAgZYcfVs2fBcwDeZzU0A==}
    dev: true

  /prettier/2.8.4:
    resolution: {integrity: sha512-vIS4Rlc2FNh0BySk3Wkd6xmwxB0FpOndW5fisM5H8hsZSxU2VWVB5CWIkIjWvrHjIhxk2g3bfMKM87zNTrZddw==}
    engines: {node: '>=10.13.0'}
    hasBin: true
    dev: true
